
Microsoft Visual Studio Solution File, Format Version 12.00
# Visual Studio Version 17
VisualStudioVersion = 17.5.002.0
MinimumVisualStudioVersion = 10.0.40219.1
Project("{9A19103F-16F7-4668-BE54-9A1E7A4F7556}") = "backend", "backend\backend.csproj", "{BDD5AFE8-EE6F-43C8-B894-CA953F962613}"
EndProject
Project("{2150E333-8FDC-42A3-9474-1A3956D46DE8}") = "Tests", "Tests", "{7D42D87E-D7AA-46EC-AB86-657268CAC7D0}"
EndProject
Project("{FAE04EC0-301F-11D3-BF4B-00C04F79EFBC}") = "AbmisDev.UnitTests", "Tests\AbmisDev.UnitTests\AbmisDev.UnitTests.csproj", "{55329866-DA0D-4CCF-9D1E-42DD7675EFB3}"
EndProject
Project("{FAE04EC0-301F-11D3-BF4B-00C04F79EFBC}") = "AbmisDev.IntegrationTests", "Tests\AbmisDev.IntegrationTests\AbmisDev.IntegrationTests.csproj", "{A9244E35-3E2C-4663-BC95-A33946DCC37D}"
EndProject
Global
	GlobalSection(SolutionConfigurationPlatforms) = preSolution
		Debug|Any CPU = Debug|Any CPU
		Release|Any CPU = Release|Any CPU
	EndGlobalSection
	GlobalSection(ProjectConfigurationPlatforms) = postSolution
		{BDD5AFE8-EE6F-43C8-B894-CA953F962613}.Debug|Any CPU.ActiveCfg = Debug|Any CPU
		{BDD5AFE8-EE6F-43C8-B894-CA953F962613}.Debug|Any CPU.Build.0 = Debug|Any CPU
		{BDD5AFE8-EE6F-43C8-B894-CA953F962613}.Release|Any CPU.ActiveCfg = Release|Any CPU
		{BDD5AFE8-EE6F-43C8-B894-CA953F962613}.Release|Any CPU.Build.0 = Release|Any CPU
		{55329866-DA0D-4CCF-9D1E-42DD7675EFB3}.Debug|Any CPU.ActiveCfg = Debug|Any CPU
		{55329866-DA0D-4CCF-9D1E-42DD7675EFB3}.Debug|Any CPU.Build.0 = Debug|Any CPU
		{55329866-DA0D-4CCF-9D1E-42DD7675EFB3}.Release|Any CPU.ActiveCfg = Release|Any CPU
		{55329866-DA0D-4CCF-9D1E-42DD7675EFB3}.Release|Any CPU.Build.0 = Release|Any CPU
		{A9244E35-3E2C-4663-BC95-A33946DCC37D}.Debug|Any CPU.ActiveCfg = Debug|Any CPU
		{A9244E35-3E2C-4663-BC95-A33946DCC37D}.Debug|Any CPU.Build.0 = Debug|Any CPU
		{A9244E35-3E2C-4663-BC95-A33946DCC37D}.Release|Any CPU.ActiveCfg = Release|Any CPU
		{A9244E35-3E2C-4663-BC95-A33946DCC37D}.Release|Any CPU.Build.0 = Release|Any CPU
	EndGlobalSection
	GlobalSection(SolutionProperties) = preSolution
		HideSolutionNode = FALSE
	EndGlobalSection
	GlobalSection(ExtensibilityGlobals) = postSolution
		SolutionGuid = {C3080E68-861B-4EB0-9A30-E6165863048F}
	EndGlobalSection
	GlobalSection(NestedProjects) = preSolution
		{55329866-DA0D-4CCF-9D1E-42DD7675EFB3} = {7D42D87E-D7AA-46EC-AB86-657268CAC7D0}
		{A9244E35-3E2C-4663-BC95-A33946DCC37D} = {7D42D87E-D7AA-46EC-AB86-657268CAC7D0}
	EndGlobalSection
EndGlobal
